
Microsoft Visual Studio Solution File, Format Version 12.00
# Visual Studio 15
VisualStudioVersion = 15.0.28010.2048
MinimumVisualStudioVersion = 10.0.40219.1
Project("{FAE04EC0-301F-11D3-BF4B-00C04F79EFBC}") = "comp_app", "comp_app\comp_app.csproj", "{2C260282-6CF2-46D7-98AD-966249B59DD1}"
EndProject
Global
	GlobalSection(SolutionConfigurationPlatforms) = preSolution
		Debug|Any CPU = Debug|Any CPU
		Release|Any CPU = Release|Any CPU
	EndGlobalSection
	GlobalSection(ProjectConfigurationPlatforms) = postSolution
		{2C260282-6CF2-46D7-98AD-966249B59DD1}.Debug|Any CPU.ActiveCfg = Debug|Any CPU
		{2C260282-6CF2-46D7-98AD-966249B59DD1}.Debug|Any CPU.Build.0 = Debug|Any CPU
		{2C260282-6CF2-46D7-98AD-966249B59DD1}.Release|Any CPU.ActiveCfg = Release|Any CPU
		{2C260282-6CF2-46D7-98AD-966249B59DD1}.Release|Any CPU.Build.0 = Release|Any CPU
	EndGlobalSection
	GlobalSection(SolutionProperties) = preSolution
		HideSolutionNode = FALSE
	EndGlobalSection
	GlobalSection(ExtensibilityGlobals) = postSolution
		SolutionGuid = {72F545E4-D0DF-4CD3-B9C2-A258A7C32079}
	EndGlobalSection
EndGlobal
